
Microsoft Visual Studio Solution File, Format Version 12.00
# Visual Studio Version 17
VisualStudioVersion = 17.4.33213.308
MinimumVisualStudioVersion = 10.0.40219.1
Project("{FAE04EC0-301F-11D3-BF4B-00C04F79EFBC}") = "NetProfile-Switcher", "NetProfile-Switcher\NetProfile-Switcher.csproj", "{1C7B3507-973E-40F8-9034-4BED2A45DAAE}"
EndProject
Project("{FAE04EC0-301F-11D3-BF4B-00C04F79EFBC}") = "NetProfile-Switcher.Tests", "NetProfile-Switcher.Tests\NetProfile-Switcher.Tests.csproj", "{D1C87F40-77DE-4520-96C1-D2E6736B5214}"
EndProject
Global
	GlobalSection(SolutionConfigurationPlatforms) = preSolution
		Debug|ARM64 = Debug|ARM64
		Debug|x64 = Debug|x64
		Debug|x86 = Debug|x86
		Debug|Any CPU = Debug|Any CPU
		Release|ARM64 = Release|ARM64
		Release|x64 = Release|x64
		Release|x86 = Release|x86
		Release|Any CPU = Release|Any CPU
	EndGlobalSection
	GlobalSection(ProjectConfigurationPlatforms) = postSolution
		{1C7B3507-973E-40F8-9034-4BED2A45DAAE}.Debug|ARM64.ActiveCfg = Debug|ARM64
		{1C7B3507-973E-40F8-9034-4BED2A45DAAE}.Debug|ARM64.Build.0 = Debug|ARM64
		{1C7B3507-973E-40F8-9034-4BED2A45DAAE}.Debug|ARM64.Deploy.0 = Debug|ARM64
		{1C7B3507-973E-40F8-9034-4BED2A45DAAE}.Debug|x64.ActiveCfg = Debug|x64
		{1C7B3507-973E-40F8-9034-4BED2A45DAAE}.Debug|x64.Build.0 = Debug|x64
		{1C7B3507-973E-40F8-9034-4BED2A45DAAE}.Debug|x64.Deploy.0 = Debug|x64
		{1C7B3507-973E-40F8-9034-4BED2A45DAAE}.Debug|x86.ActiveCfg = Debug|x86
		{1C7B3507-973E-40F8-9034-4BED2A45DAAE}.Debug|x86.Build.0 = Debug|x86
		{1C7B3507-973E-40F8-9034-4BED2A45DAAE}.Debug|x86.Deploy.0 = Debug|x86
		{1C7B3507-973E-40F8-9034-4BED2A45DAAE}.Debug|Any CPU.ActiveCfg = Debug|x64
		{1C7B3507-973E-40F8-9034-4BED2A45DAAE}.Debug|Any CPU.Build.0 = Debug|x64
		{1C7B3507-973E-40F8-9034-4BED2A45DAAE}.Release|ARM64.ActiveCfg = Release|ARM64
		{1C7B3507-973E-40F8-9034-4BED2A45DAAE}.Release|ARM64.Build.0 = Release|ARM64
		{1C7B3507-973E-40F8-9034-4BED2A45DAAE}.Release|ARM64.Deploy.0 = Release|ARM64
		{1C7B3507-973E-40F8-9034-4BED2A45DAAE}.Release|x64.ActiveCfg = Release|x64
		{1C7B3507-973E-40F8-9034-4BED2A45DAAE}.Release|x64.Build.0 = Release|x64
		{1C7B3507-973E-40F8-9034-4BED2A45DAAE}.Release|x64.Deploy.0 = Release|x64
		{1C7B3507-973E-40F8-9034-4BED2A45DAAE}.Release|x86.ActiveCfg = Release|x86
		{1C7B3507-973E-40F8-9034-4BED2A45DAAE}.Release|x86.Build.0 = Release|x86
		{1C7B3507-973E-40F8-9034-4BED2A45DAAE}.Release|x86.Deploy.0 = Release|x86
		{1C7B3507-973E-40F8-9034-4BED2A45DAAE}.Release|Any CPU.ActiveCfg = Release|x64
		{1C7B3507-973E-40F8-9034-4BED2A45DAAE}.Release|Any CPU.Build.0 = Release|x64
		{D1C87F40-77DE-4520-96C1-D2E6736B5214}.Debug|ARM64.ActiveCfg = Debug|ARM64
		{D1C87F40-77DE-4520-96C1-D2E6736B5214}.Debug|ARM64.Build.0 = Debug|ARM64
		{D1C87F40-77DE-4520-96C1-D2E6736B5214}.Debug|x64.ActiveCfg = Debug|x64
		{D1C87F40-77DE-4520-96C1-D2E6736B5214}.Debug|x64.Build.0 = Debug|x64
		{D1C87F40-77DE-4520-96C1-D2E6736B5214}.Debug|x86.ActiveCfg = Debug|x86
		{D1C87F40-77DE-4520-96C1-D2E6736B5214}.Debug|x86.Build.0 = Debug|x86
		{D1C87F40-77DE-4520-96C1-D2E6736B5214}.Debug|Any CPU.ActiveCfg = Debug|x64
		{D1C87F40-77DE-4520-96C1-D2E6736B5214}.Debug|Any CPU.Build.0 = Debug|x64
		{D1C87F40-77DE-4520-96C1-D2E6736B5214}.Release|ARM64.ActiveCfg = Release|ARM64
		{D1C87F40-77DE-4520-96C1-D2E6736B5214}.Release|ARM64.Build.0 = Release|ARM64
		{D1C87F40-77DE-4520-96C1-D2E6736B5214}.Release|x64.ActiveCfg = Release|x64
		{D1C87F40-77DE-4520-96C1-D2E6736B5214}.Release|x64.Build.0 = Release|x64
		{D1C87F40-77DE-4520-96C1-D2E6736B5214}.Release|x86.ActiveCfg = Release|x86
		{D1C87F40-77DE-4520-96C1-D2E6736B5214}.Release|x86.Build.0 = Release|x86
		{D1C87F40-77DE-4520-96C1-D2E6736B5214}.Release|Any CPU.ActiveCfg = Release|x64
		{D1C87F40-77DE-4520-96C1-D2E6736B5214}.Release|Any CPU.Build.0 = Release|x64
	EndGlobalSection
	GlobalSection(SolutionProperties) = preSolution
		HideSolutionNode = FALSE
	EndGlobalSection
	GlobalSection(ExtensibilityGlobals) = postSolution
		SolutionGuid = {B90AC427-6041-4F7C-AA0C-583BFA5DF237}
	EndGlobalSection
EndGlobal
